
Microsoft Visual Studio Solution File, Format Version 12.00
# Visual Studio Version 17
VisualStudioVersion = 17.5.33502.453
MinimumVisualStudioVersion = 10.0.40219.1
Project("{FAE04EC0-301F-11D3-BF4B-00C04F79EFBC}") = "GuarderiaMascotas", "GuarderiaMascotas\GuarderiaMascotas.csproj", "{CE77E710-781D-40A7-98E5-3F98B62848E4}"
EndProject
Global
	GlobalSection(SolutionConfigurationPlatforms) = preSolution
		Debug|Any CPU = Debug|Any CPU
		Release|Any CPU = Release|Any CPU
	EndGlobalSection
	GlobalSection(ProjectConfigurationPlatforms) = postSolution
		{CE77E710-781D-40A7-98E5-3F98B62848E4}.Debug|Any CPU.ActiveCfg = Debug|Any CPU
		{CE77E710-781D-40A7-98E5-3F98B62848E4}.Debug|Any CPU.Build.0 = Debug|Any CPU
		{CE77E710-781D-40A7-98E5-3F98B62848E4}.Release|Any CPU.ActiveCfg = Release|Any CPU
		{CE77E710-781D-40A7-98E5-3F98B62848E4}.Release|Any CPU.Build.0 = Release|Any CPU
	EndGlobalSection
	GlobalSection(SolutionProperties) = preSolution
		HideSolutionNode = FALSE
	EndGlobalSection
	GlobalSection(ExtensibilityGlobals) = postSolution
		SolutionGuid = {478F789A-2C53-43CB-A545-229E94A04177}
	EndGlobalSection
EndGlobal
